// !$*UTF8*$!
{
	archiveVersion = 1;
	classes = {
	};
	objectVersion = 48;
	objects = {

/* Begin PBXBuildFile section */
		43C7B8E91EECE93200C764D4 /* AppDelegate.swift in Sources */ = {isa = PBXBuildFile; fileRef = 43C7B8E81EECE93200C764D4 /* AppDelegate.swift */; };
		43C7B8EB1EECE93200C764D4 /* art.scnassets in Resources */ = {isa = PBXBuildFile; fileRef = 43C7B8EA1EECE93200C764D4 /* art.scnassets */; };
		43C7B8ED1EECE93200C764D4 /* ViewController.swift in Sources */ = {isa = PBXBuildFile; fileRef = 43C7B8EC1EECE93200C764D4 /* ViewController.swift */; };
		43C7B8F01EECE93200C764D4 /* Main.storyboard in Resources */ = {isa = PBXBuildFile; fileRef = 43C7B8EE1EECE93200C764D4 /* Main.storyboard */; };
		43C7B8F21EECE93200C764D4 /* Assets.xcassets in Resources */ = {isa = PBXBuildFile; fileRef = 43C7B8F11EECE93200C764D4 /* Assets.xcassets */; };
		43C7B8F51EECE93200C764D4 /* LaunchScreen.storyboard in Resources */ = {isa = PBXBuildFile; fileRef = 43C7B8F31EECE93200C764D4 /* LaunchScreen.storyboard */; };
		43C7B9011EECEAE100C764D4 /* Extensions.swift in Sources */ = {isa = PBXBuildFile; fileRef = 43C7B9001EECEAE100C764D4 /* Extensions.swift */; };
		43C7B9031EECEB8400C764D4 /* ARCubeNode.swift in Sources */ = {isa = PBXBuildFile; fileRef = 43C7B9021EECEB8400C764D4 /* ARCubeNode.swift */; };
		43C7B9051EECED1C00C764D4 /* ARCubeView.swift in Sources */ = {isa = PBXBuildFile; fileRef = 43C7B9041EECED1C00C764D4 /* ARCubeView.swift */; };
		43C7B9071EECF55D00C764D4 /* Coordinate.swift in Sources */ = {isa = PBXBuildFile; fileRef = 43C7B9061EECF55D00C764D4 /* Coordinate.swift */; };
		43C7B9091EECF5D800C764D4 /* Side.swift in Sources */ = {isa = PBXBuildFile; fileRef = 43C7B9081EECF5D800C764D4 /* Side.swift */; };
/* End PBXBuildFile section */

/* Begin PBXFileReference section */
		43C7B8E51EECE93200C764D4 /* ARRubiks.app */ = {isa = PBXFileReference; explicitFileType = wrapper.application; includeInIndex = 0; path = ARRubiks.app; sourceTree = BUILT_PRODUCTS_DIR; };
		43C7B8E81EECE93200C764D4 /* AppDelegate.swift */ = {isa = PBXFileReference; lastKnownFileType = sourcecode.swift; path = AppDelegate.swift; sourceTree = "<group>"; };
		43C7B8EA1EECE93200C764D4 /* art.scnassets */ = {isa = PBXFileReference; lastKnownFileType = wrapper.scnassets; path = art.scnassets; sourceTree = "<group>"; };
		43C7B8EC1EECE93200C764D4 /* ViewController.swift */ = {isa = PBXFileReference; lastKnownFileType = sourcecode.swift; path = ViewController.swift; sourceTree = "<group>"; };
		43C7B8EF1EECE93200C764D4 /* Base */ = {isa = PBXFileReference; lastKnownFileType = file.storyboard; name = Base; path = Base.lproj/Main.storyboard; sourceTree = "<group>"; };
		43C7B8F11EECE93200C764D4 /* Assets.xcassets */ = {isa = PBXFileReference; lastKnownFileType = folder.assetcatalog; path = Assets.xcassets; sourceTree = "<group>"; };
		43C7B8F41EECE93200C764D4 /* Base */ = {isa = PBXFileReference; lastKnownFileType = file.storyboard; name = Base; path = Base.lproj/LaunchScreen.storyboard; sourceTree = "<group>"; };
		43C7B8F61EECE93200C764D4 /* Info.plist */ = {isa = PBXFileReference; lastKnownFileType = text.plist.xml; path = Info.plist; sourceTree = "<group>"; };
		43C7B9001EECEAE100C764D4 /* Extensions.swift */ = {isa = PBXFileReference; lastKnownFileType = sourcecode.swift; path = Extensions.swift; sourceTree = "<group>"; };
		43C7B9021EECEB8400C764D4 /* ARCubeNode.swift */ = {isa = PBXFileReference; lastKnownFileType = sourcecode.swift; path = ARCubeNode.swift; sourceTree = "<group>"; };
		43C7B9041EECED1C00C764D4 /* ARCubeView.swift */ = {isa = PBXFileReference; lastKnownFileType = sourcecode.swift; path = ARCubeView.swift; sourceTree = "<group>"; };
		43C7B9061EECF55D00C764D4 /* Coordinate.swift */ = {isa = PBXFileReference; lastKnownFileType = sourcecode.swift; path = Coordinate.swift; sourceTree = "<group>"; };
		43C7B9081EECF5D800C764D4 /* Side.swift */ = {isa = PBXFileReference; lastKnownFileType = sourcecode.swift; path = Side.swift; sourceTree = "<group>"; };
/* End PBXFileReference section */

/* Begin PBXFrameworksBuildPhase section */
		43C7B8E21EECE93200C764D4 /* Frameworks */ = {
			isa = PBXFrameworksBuildPhase;
			buildActionMask = 2147483647;
			files = (
			);
			runOnlyForDeploymentPostprocessing = 0;
		};
/* End PBXFrameworksBuildPhase section */

/* Begin PBXGroup section */
		43C7B8DC1EECE93100C764D4 = {
			isa = PBXGroup;
			children = (
				43C7B8E71EECE93200C764D4 /* ARRubiks */,
				43C7B8E61EECE93200C764D4 /* Products */,
			);
			sourceTree = "<group>";
		};
		43C7B8E61EECE93200C764D4 /* Products */ = {
			isa = PBXGroup;
			children = (
				43C7B8E51EECE93200C764D4 /* ARRubiks.app */,
			);
			name = Products;
			sourceTree = "<group>";
		};
		43C7B8E71EECE93200C764D4 /* ARRubiks */ = {
			isa = PBXGroup;
			children = (
				43C7B8E81EECE93200C764D4 /* AppDelegate.swift */,
				43C7B8EA1EECE93200C764D4 /* art.scnassets */,
				43C7B8EC1EECE93200C764D4 /* ViewController.swift */,
				43C7B8EE1EECE93200C764D4 /* Main.storyboard */,
				43C7B8F11EECE93200C764D4 /* Assets.xcassets */,
				43C7B8F31EECE93200C764D4 /* LaunchScreen.storyboard */,
				43C7B8F61EECE93200C764D4 /* Info.plist */,
				43C7B9041EECED1C00C764D4 /* ARCubeView.swift */,
				43C7B9081EECF5D800C764D4 /* Side.swift */,
				43C7B9001EECEAE100C764D4 /* Extensions.swift */,
				43C7B9021EECEB8400C764D4 /* ARCubeNode.swift */,
				43C7B9061EECF55D00C764D4 /* Coordinate.swift */,
			);
			path = ARRubiks;
			sourceTree = "<group>";
		};
/* End PBXGroup section */

/* Begin PBXNativeTarget section */
		43C7B8E41EECE93200C764D4 /* ARRubiks */ = {
			isa = PBXNativeTarget;
			buildConfigurationList = 43C7B8F91EECE93200C764D4 /* Build configuration list for PBXNativeTarget "ARRubiks" */;
			buildPhases = (
				43C7B8E11EECE93200C764D4 /* Sources */,
				43C7B8E21EECE93200C764D4 /* Frameworks */,
				43C7B8E31EECE93200C764D4 /* Resources */,
			);
			buildRules = (
			);
			dependencies = (
			);
			name = ARRubiks;
			productName = ARRubiks;
			productReference = 43C7B8E51EECE93200C764D4 /* ARRubiks.app */;
			productType = "com.apple.product-type.application";
		};
/* End PBXNativeTarget section */

/* Begin PBXProject section */
		43C7B8DD1EECE93100C764D4 /* Project object */ = {
			isa = PBXProject;
			attributes = {
				LastSwiftUpdateCheck = 0900;
				LastUpgradeCheck = 0900;
				ORGANIZATIONNAME = "Nicholas Grana";
				TargetAttributes = {
					43C7B8E41EECE93200C764D4 = {
						CreatedOnToolsVersion = 9.0;
					};
				};
			};
			buildConfigurationList = 43C7B8E01EECE93100C764D4 /* Build configuration list for PBXProject "ARRubiks" */;
			compatibilityVersion = "Xcode 8.0";
			developmentRegion = en;
			hasScannedForEncodings = 0;
			knownRegions = (
				en,
				Base,
			);
			mainGroup = 43C7B8DC1EECE93100C764D4;
			productRefGroup = 43C7B8E61EECE93200C764D4 /* Products */;
			projectDirPath = "";
			projectRoot = "";
			targets = (
				43C7B8E41EECE93200C764D4 /* ARRubiks */,
			);
		};
/* End PBXProject section */

/* Begin PBXResourcesBuildPhase section */
		43C7B8E31EECE93200C764D4 /* Resources */ = {
			isa = PBXResourcesBuildPhase;
			buildActionMask = 2147483647;
			files = (
				43C7B8EB1EECE93200C764D4 /* art.scnassets in Resources */,
				43C7B8F51EECE93200C764D4 /* LaunchScreen.storyboard in Resources */,
				43C7B8F21EECE93200C764D4 /* Assets.xcassets in Resources */,
				43C7B8F01EECE93200C764D4 /* Main.storyboard in Resources */,
			);
			runOnlyForDeploymentPostprocessing = 0;
		};
/* End PBXResourcesBuildPhase section */

/* Begin PBXSourcesBuildPhase section */
		43C7B8E11EECE93200C764D4 /* Sources */ = {
			isa = PBXSourcesBuildPhase;
			buildActionMask = 2147483647;
			files = (
				43C7B9011EECEAE100C764D4 /* Extensions.swift in Sources */,
				43C7B8ED1EECE93200C764D4 /* ViewController.swift in Sources */,
				43C7B9031EECEB8400C764D4 /* ARCubeNode.swift in Sources */,
				43C7B9051EECED1C00C764D4 /* ARCubeView.swift in Sources */,
				43C7B9091EECF5D800C764D4 /* Side.swift in Sources */,
				43C7B8E91EECE93200C764D4 /* AppDelegate.swift in Sources */,
				43C7B9071EECF55D00C764D4 /* Coordinate.swift in Sources */,
			);
			runOnlyForDeploymentPostprocessing = 0;
		};
/* End PBXSourcesBuildPhase section */

/* Begin PBXVariantGroup section */
		43C7B8EE1EECE93200C764D4 /* Main.storyboard */ = {
			isa = PBXVariantGroup;
			children = (
				43C7B8EF1EECE93200C764D4 /* Base */,
			);
			name = Main.storyboard;
			sourceTree = "<group>";
		};
		43C7B8F31EECE93200C764D4 /* LaunchScreen.storyboard */ = {
			isa = PBXVariantGroup;
			children = (
				43C7B8F41EECE93200C764D4 /* Base */,
			);
			name = LaunchScreen.storyboard;
			sourceTree = "<group>";
		};
/* End PBXVariantGroup section */

/* Begin XCBuildConfiguration section */
		43C7B8F71EECE93200C764D4 /* Debug */ = {
			isa = XCBuildConfiguration;
			buildSettings = {
				ALWAYS_SEARCH_USER_PATHS = NO;
				CLANG_ANALYZER_NONNULL = YES;
				CLANG_ANALYZER_NUMBER_OBJECT_CONVERSION = YES_AGGRESSIVE;
				CLANG_CXX_LANGUAGE_STANDARD = "gnu++14";
				CLANG_CXX_LIBRARY = "libc++";
				CLANG_ENABLE_MODULES = YES;
				CLANG_ENABLE_OBJC_ARC = YES;
				CLANG_WARN_BLOCK_CAPTURE_AUTORELEASING = YES;
				CLANG_WARN_BOOL_CONVERSION = YES;
				CLANG_WARN_COMMA = YES;
				CLANG_WARN_CONSTANT_CONVERSION = YES;
				CLANG_WARN_DIRECT_OBJC_ISA_USAGE = YES_ERROR;
				CLANG_WARN_DOCUMENTATION_COMMENTS = YES;
				CLANG_WARN_EMPTY_BODY = YES;
				CLANG_WARN_ENUM_CONVERSION = YES;
				CLANG_WARN_INFINITE_RECURSION = YES;
				CLANG_WARN_INT_CONVERSION = YES;
				CLANG_WARN_OBJC_ROOT_CLASS = YES_ERROR;
				CLANG_WARN_RANGE_LOOP_ANALYSIS = YES;
				CLANG_WARN_STRICT_PROTOTYPES = YES;
				CLANG_WARN_SUSPICIOUS_MOVE = YES;
				CLANG_WARN_UNGUARDED_AVAILABILITY = YES_AGGRESSIVE;
				CLANG_WARN_UNREACHABLE_CODE = YES;
				CLANG_WARN__DUPLICATE_METHOD_MATCH = YES;
				CODE_SIGN_IDENTITY = "iPhone Developer";
				COPY_PHASE_STRIP = NO;
				DEBUG_INFORMATION_FORMAT = dwarf;
				ENABLE_STRICT_OBJC_MSGSEND = YES;
				ENABLE_TESTABILITY = YES;
				GCC_C_LANGUAGE_STANDARD = gnu11;
				GCC_DYNAMIC_NO_PIC = NO;
				GCC_NO_COMMON_BLOCKS = YES;
				GCC_OPTIMIZATION_LEVEL = 0;
				GCC_PREPROCESSOR_DEFINITIONS = (
					"DEBUG=1",
					"$(inherited)",
				);
				GCC_WARN_64_TO_32_BIT_CONVERSION = YES;
				GCC_WARN_ABOUT_RETURN_TYPE = YES_ERROR;
				GCC_WARN_UNDECLARED_SELECTOR = YES;
				GCC_WARN_UNINITIALIZED_AUTOS = YES_AGGRESSIVE;
				GCC_WARN_UNUSED_FUNCTION = YES;
				GCC_WARN_UNUSED_VARIABLE = YES;
				IPHONEOS_DEPLOYMENT_TARGET = 11.0;
				MTL_ENABLE_DEBUG_INFO = YES;
				ONLY_ACTIVE_ARCH = YES;
				SDKROOT = iphoneos;
				SWIFT_ACTIVE_COMPILATION_CONDITIONS = DEBUG;
				SWIFT_OPTIMIZATION_LEVEL = "-Onone";
			};
			name = Debug;
		};
		43C7B8F81EECE93200C764D4 /* Release */ = {
			isa = XCBuildConfiguration;
			buildSettings = {
				ALWAYS_SEARCH_USER_PATHS = NO;
				CLANG_ANALYZER_NONNULL = YES;
				CLANG_ANALYZER_NUMBER_OBJECT_CONVERSION = YES_AGGRESSIVE;
				CLANG_CXX_LANGUAGE_STANDARD = "gnu++14";
				CLANG_CXX_LIBRARY = "libc++";
				CLANG_ENABLE_MODULES = YES;
				CLANG_ENABLE_OBJC_ARC = YES;
				CLANG_WARN_BLOCK_CAPTURE_AUTORELEASING = YES;
				CLANG_WARN_BOOL_CONVERSION = YES;
				CLANG_WARN_COMMA = YES;
				CLANG_WARN_CONSTANT_CONVERSION = YES;
				CLANG_WARN_DIRECT_OBJC_ISA_USAGE = YES_ERROR;
				CLANG_WARN_DOCUMENTATION_COMMENTS = YES;
				CLANG_WARN_EMPTY_BODY = YES;
				CLANG_WARN_ENUM_CONVERSION = YES;
				CLANG_WARN_INFINITE_RECURSION = YES;
				CLANG_WARN_INT_CONVERSION = YES;
				CLANG_WARN_OBJC_ROOT_CLASS = YES_ERROR;
				CLANG_WARN_RANGE_LOOP_ANALYSIS = YES;
				CLANG_WARN_STRICT_PROTOTYPES = YES;
				CLANG_WARN_SUSPICIOUS_MOVE = YES;
				CLANG_WARN_UNGUARDED_AVAILABILITY = YES_AGGRESSIVE;
				CLANG_WARN_UNREACHABLE_CODE = YES;
				CLANG_WARN__DUPLICATE_METHOD_MATCH = YES;
				CODE_SIGN_IDENTITY = "iPhone Developer";
				COPY_PHASE_STRIP = NO;
				DEBUG_INFORMATION_FORMAT = "dwarf-with-dsym";
				ENABLE_NS_ASSERTIONS = NO;
				ENABLE_STRICT_OBJC_MSGSEND = YES;
				GCC_C_LANGUAGE_STANDARD = gnu11;
				GCC_NO_COMMON_BLOCKS = YES;
				GCC_WARN_64_TO_32_BIT_CONVERSION = YES;
				GCC_WARN_ABOUT_RETURN_TYPE = YES_ERROR;
				GCC_WARN_UNDECLARED_SELECTOR = YES;
				GCC_WARN_UNINITIALIZED_AUTOS = YES_AGGRESSIVE;
				GCC_WARN_UNUSED_FUNCTION = YES;
				GCC_WARN_UNUSED_VARIABLE = YES;
				IPHONEOS_DEPLOYMENT_TARGET = 11.0;
				MTL_ENABLE_DEBUG_INFO = NO;
				SDKROOT = iphoneos;
				SWIFT_OPTIMIZATION_LEVEL = "-Owholemodule";
				VALIDATE_PRODUCT = YES;
			};
			name = Release;
		};
		43C7B8FA1EECE93200C764D4 /* Debug */ = {
			isa = XCBuildConfiguration;
			buildSettings = {
				ASSETCATALOG_COMPILER_APPICON_NAME = AppIcon;
				DEVELOPMENT_TEAM = 6B5AP37L3T;
				INFOPLIST_FILE = ARRubiks/Info.plist;
				LD_RUNPATH_SEARCH_PATHS = "$(inherited) @executable_path/Frameworks";
				PRODUCT_BUNDLE_IDENTIFIER = com.grananicholas.ARRubiks;
				PRODUCT_NAME = "$(TARGET_NAME)";
				SWIFT_VERSION = 4.0;
				TARGETED_DEVICE_FAMILY = "1,2";
			};
			name = Debug;
		};
		43C7B8FB1EECE93200C764D4 /* Release */ = {
			isa = XCBuildConfiguration;
			buildSettings = {
				ASSETCATALOG_COMPILER_APPICON_NAME = AppIcon;
				DEVELOPMENT_TEAM = 6B5AP37L3T;
				INFOPLIST_FILE = ARRubiks/Info.plist;
				LD_RUNPATH_SEARCH_PATHS = "$(inherited) @executable_path/Frameworks";
				PRODUCT_BUNDLE_IDENTIFIER = com.grananicholas.ARRubiks;
				PRODUCT_NAME = "$(TARGET_NAME)";
				SWIFT_VERSION = 4.0;
				TARGETED_DEVICE_FAMILY = "1,2";
			};
			name = Release;
		};
/* End XCBuildConfiguration section */

/* Begin XCConfigurationList section */
		43C7B8E01EECE93100C764D4 /* Build configuration list for PBXProject "ARRubiks" */ = {
			isa = XCConfigurationList;
			buildConfigurations = (
				43C7B8F71EECE93200C764D4 /* Debug */,
				43C7B8F81EECE93200C764D4 /* Release */,
			);
			defaultConfigurationIsVisible = 0;
			defaultConfigurationName = Release;
		};
		43C7B8F91EECE93200C764D4 /* Build configuration list for PBXNativeTarget "ARRubiks" */ = {
			isa = XCConfigurationList;
			buildConfigurations = (
				43C7B8FA1EECE93200C764D4 /* Debug */,
				43C7B8FB1EECE93200C764D4 /* Release */,
			);
			defaultConfigurationIsVisible = 0;
		};
/* End XCConfigurationList section */
	};
	rootObject = 43C7B8DD1EECE93100C764D4 /* Project object */;
}
